// !$*UTF8*$!
{
	archiveVersion = 1;
	classes = {
	};
	objectVersion = 46;
	objects = {

/* Begin PBXBuildFile section */
		837F486A190473930070897A /* default.gpx in Resources */ = {isa = PBXBuildFile; fileRef = 837F4869190473930070897A /* default.gpx */; };
		838596431902E92F00E68FE4 /* Foundation.framework in Frameworks */ = {isa = PBXBuildFile; fileRef = 838596421902E92F00E68FE4 /* Foundation.framework */; };
		838596451902E92F00E68FE4 /* CoreGraphics.framework in Frameworks */ = {isa = PBXBuildFile; fileRef = 838596441902E92F00E68FE4 /* CoreGraphics.framework */; };
		838596471902E92F00E68FE4 /* UIKit.framework in Frameworks */ = {isa = PBXBuildFile; fileRef = 838596461902E92F00E68FE4 /* UIKit.framework */; };
		8385964D1902E93000E68FE4 /* InfoPlist.strings in Resources */ = {isa = PBXBuildFile; fileRef = 8385964B1902E93000E68FE4 /* InfoPlist.strings */; };
		8385964F1902E93000E68FE4 /* main.m in Sources */ = {isa = PBXBuildFile; fileRef = 8385964E1902E93000E68FE4 /* main.m */; };
		838596531902E93000E68FE4 /* AppDelegate.m in Sources */ = {isa = PBXBuildFile; fileRef = 838596521902E93000E68FE4 /* AppDelegate.m */; };
		838596561902E93000E68FE4 /* Main.storyboard in Resources */ = {isa = PBXBuildFile; fileRef = 838596541902E93000E68FE4 /* Main.storyboard */; };
		8385965B1902E93000E68FE4 /* Images.xcassets in Resources */ = {isa = PBXBuildFile; fileRef = 8385965A1902E93000E68FE4 /* Images.xcassets */; };
		838596621902E93000E68FE4 /* XCTest.framework in Frameworks */ = {isa = PBXBuildFile; fileRef = 838596611902E93000E68FE4 /* XCTest.framework */; };
		838596631902E93000E68FE4 /* Foundation.framework in Frameworks */ = {isa = PBXBuildFile; fileRef = 838596421902E92F00E68FE4 /* Foundation.framework */; };
		838596641902E93000E68FE4 /* UIKit.framework in Frameworks */ = {isa = PBXBuildFile; fileRef = 838596461902E92F00E68FE4 /* UIKit.framework */; };
		8385966C1902E93000E68FE4 /* InfoPlist.strings in Resources */ = {isa = PBXBuildFile; fileRef = 8385966A1902E93000E68FE4 /* InfoPlist.strings */; };
		8385966E1902E93000E68FE4 /* TransportTests.m in Sources */ = {isa = PBXBuildFile; fileRef = 8385966D1902E93000E68FE4 /* TransportTests.m */; };
		838596791902F19300E68FE4 /* StopsViewController.m in Sources */ = {isa = PBXBuildFile; fileRef = 838596781902F19300E68FE4 /* StopsViewController.m */; };
		8385967B1902F8C500E68FE4 /* CoreLocation.framework in Frameworks */ = {isa = PBXBuildFile; fileRef = 8385967A1902F8C500E68FE4 /* CoreLocation.framework */; };
		8385967E1903002D00E68FE4 /* Arrival.m in Sources */ = {isa = PBXBuildFile; fileRef = 8385967D1903002D00E68FE4 /* Arrival.m */; };
		838596811903008700E68FE4 /* TimePair.m in Sources */ = {isa = PBXBuildFile; fileRef = 838596801903008700E68FE4 /* TimePair.m */; };
		838596841903054400E68FE4 /* Stop.m in Sources */ = {isa = PBXBuildFile; fileRef = 838596831903054400E68FE4 /* Stop.m */; };
		8385968719032DFC00E68FE4 /* StopCell.m in Sources */ = {isa = PBXBuildFile; fileRef = 8385968619032DFC00E68FE4 /* StopCell.m */; };
		83859690190333F000E68FE4 /* RoutesViewController.m in Sources */ = {isa = PBXBuildFile; fileRef = 8385968F190333F000E68FE4 /* RoutesViewController.m */; };
		838596931903380200E68FE4 /* RouteCell.m in Sources */ = {isa = PBXBuildFile; fileRef = 838596921903380200E68FE4 /* RouteCell.m */; };
		83859696190354B400E68FE4 /* InfoViewController.m in Sources */ = {isa = PBXBuildFile; fileRef = 83859695190354B400E68FE4 /* InfoViewController.m */; };
		83B7EF171909C8EB006A61AE /* TransportViewController.m in Sources */ = {isa = PBXBuildFile; fileRef = 83B7EF161909C8EB006A61AE /* TransportViewController.m */; };
		83B7EF1A1909CB41006A61AE /* StopDetailViewController.m in Sources */ = {isa = PBXBuildFile; fileRef = 83B7EF191909CB41006A61AE /* StopDetailViewController.m */; };
		83B7EF1D190A0518006A61AE /* StopInRouteTableViewCell.m in Sources */ = {isa = PBXBuildFile; fileRef = 83B7EF1C190A0518006A61AE /* StopInRouteTableViewCell.m */; };
		83B7EF20190A16C8006A61AE /* StopTimesTableViewController.m in Sources */ = {isa = PBXBuildFile; fileRef = 83B7EF1F190A16C8006A61AE /* StopTimesTableViewController.m */; };
		83B7EF23190B21A4006A61AE /* RouteDetailViewController.m in Sources */ = {isa = PBXBuildFile; fileRef = 83B7EF22190B21A4006A61AE /* RouteDetailViewController.m */; };
		83C07CA5191C4F9400ECFD9F /* MessageUI.framework in Frameworks */ = {isa = PBXBuildFile; fileRef = 83C07CA4191C4F9400ECFD9F /* MessageUI.framework */; };
		E687C40701814690984E77C4 /* libPods.a in Frameworks */ = {isa = PBXBuildFile; fileRef = C99D6902032940AE9B16083E /* libPods.a */; };
/* End PBXBuildFile section */

/* Begin PBXContainerItemProxy section */
		838596651902E93000E68FE4 /* PBXContainerItemProxy */ = {
			isa = PBXContainerItemProxy;
			containerPortal = 838596371902E92F00E68FE4 /* Project object */;
			proxyType = 1;
			remoteGlobalIDString = 8385963E1902E92F00E68FE4;
			remoteInfo = Transport;
		};
/* End PBXContainerItemProxy section */

/* Begin PBXFileReference section */
		5611B08DC4594E4EBBABAAFD /* Pods.xcconfig */ = {isa = PBXFileReference; includeInIndex = 1; lastKnownFileType = text.xcconfig; name = Pods.xcconfig; path = Pods/Pods.xcconfig; sourceTree = "<group>"; };
		837F4869190473930070897A /* default.gpx */ = {isa = PBXFileReference; fileEncoding = 4; lastKnownFileType = text.xml; path = default.gpx; sourceTree = "<group>"; };
		8385963F1902E92F00E68FE4 /* Transport.app */ = {isa = PBXFileReference; explicitFileType = wrapper.application; includeInIndex = 0; path = Transport.app; sourceTree = BUILT_PRODUCTS_DIR; };
		838596421902E92F00E68FE4 /* Foundation.framework */ = {isa = PBXFileReference; lastKnownFileType = wrapper.framework; name = Foundation.framework; path = System/Library/Frameworks/Foundation.framework; sourceTree = SDKROOT; };
		838596441902E92F00E68FE4 /* CoreGraphics.framework */ = {isa = PBXFileReference; lastKnownFileType = wrapper.framework; name = CoreGraphics.framework; path = System/Library/Frameworks/CoreGraphics.framework; sourceTree = SDKROOT; };
		838596461902E92F00E68FE4 /* UIKit.framework */ = {isa = PBXFileReference; lastKnownFileType = wrapper.framework; name = UIKit.framework; path = System/Library/Frameworks/UIKit.framework; sourceTree = SDKROOT; };
		8385964A1902E93000E68FE4 /* Transport-Info.plist */ = {isa = PBXFileReference; lastKnownFileType = text.plist.xml; path = "Transport-Info.plist"; sourceTree = "<group>"; };
		8385964C1902E93000E68FE4 /* en */ = {isa = PBXFileReference; lastKnownFileType = text.plist.strings; name = en; path = en.lproj/InfoPlist.strings; sourceTree = "<group>"; };
		8385964E1902E93000E68FE4 /* main.m */ = {isa = PBXFileReference; lastKnownFileType = sourcecode.c.objc; path = main.m; sourceTree = "<group>"; };
		838596501902E93000E68FE4 /* Transport-Prefix.pch */ = {isa = PBXFileReference; lastKnownFileType = sourcecode.c.h; path = "Transport-Prefix.pch"; sourceTree = "<group>"; };
		838596511902E93000E68FE4 /* AppDelegate.h */ = {isa = PBXFileReference; lastKnownFileType = sourcecode.c.h; path = AppDelegate.h; sourceTree = "<group>"; };
		838596521902E93000E68FE4 /* AppDelegate.m */ = {isa = PBXFileReference; lastKnownFileType = sourcecode.c.objc; path = AppDelegate.m; sourceTree = "<group>"; };
		838596551902E93000E68FE4 /* Base */ = {isa = PBXFileReference; lastKnownFileType = file.storyboard; name = Base; path = Base.lproj/Main.storyboard; sourceTree = "<group>"; };
		8385965A1902E93000E68FE4 /* Images.xcassets */ = {isa = PBXFileReference; lastKnownFileType = folder.assetcatalog; path = Images.xcassets; sourceTree = "<group>"; };
		838596601902E93000E68FE4 /* TransportTests.xctest */ = {isa = PBXFileReference; explicitFileType = wrapper.cfbundle; includeInIndex = 0; path = TransportTests.xctest; sourceTree = BUILT_PRODUCTS_DIR; };
		838596611902E93000E68FE4 /* XCTest.framework */ = {isa = PBXFileReference; lastKnownFileType = wrapper.framework; name = XCTest.framework; path = Library/Frameworks/XCTest.framework; sourceTree = DEVELOPER_DIR; };
		838596691902E93000E68FE4 /* TransportTests-Info.plist */ = {isa = PBXFileReference; lastKnownFileType = text.plist.xml; path = "TransportTests-Info.plist"; sourceTree = "<group>"; };
		8385966B1902E93000E68FE4 /* en */ = {isa = PBXFileReference; lastKnownFileType = text.plist.strings; name = en; path = en.lproj/InfoPlist.strings; sourceTree = "<group>"; };
		8385966D1902E93000E68FE4 /* TransportTests.m */ = {isa = PBXFileReference; lastKnownFileType = sourcecode.c.objc; path = TransportTests.m; sourceTree = "<group>"; };
		838596771902F19300E68FE4 /* StopsViewController.h */ = {isa = PBXFileReference; fileEncoding = 4; lastKnownFileType = sourcecode.c.h; path = StopsViewController.h; sourceTree = "<group>"; };
		838596781902F19300E68FE4 /* StopsViewController.m */ = {isa = PBXFileReference; fileEncoding = 4; lastKnownFileType = sourcecode.c.objc; path = StopsViewController.m; sourceTree = "<group>"; };
		8385967A1902F8C500E68FE4 /* CoreLocation.framework */ = {isa = PBXFileReference; lastKnownFileType = wrapper.framework; name = CoreLocation.framework; path = System/Library/Frameworks/CoreLocation.framework; sourceTree = SDKROOT; };
		8385967C1903002D00E68FE4 /* Arrival.h */ = {isa = PBXFileReference; fileEncoding = 4; lastKnownFileType = sourcecode.c.h; path = Arrival.h; sourceTree = "<group>"; };
		8385967D1903002D00E68FE4 /* Arrival.m */ = {isa = PBXFileReference; fileEncoding = 4; lastKnownFileType = sourcecode.c.objc; path = Arrival.m; sourceTree = "<group>"; };
		8385967F1903008700E68FE4 /* TimePair.h */ = {isa = PBXFileReference; fileEncoding = 4; lastKnownFileType = sourcecode.c.h; path = TimePair.h; sourceTree = "<group>"; };
		838596801903008700E68FE4 /* TimePair.m */ = {isa = PBXFileReference; fileEncoding = 4; lastKnownFileType = sourcecode.c.objc; path = TimePair.m; sourceTree = "<group>"; };
		838596821903054400E68FE4 /* Stop.h */ = {isa = PBXFileReference; fileEncoding = 4; lastKnownFileType = sourcecode.c.h; path = Stop.h; sourceTree = "<group>"; };
		838596831903054400E68FE4 /* Stop.m */ = {isa = PBXFileReference; fileEncoding = 4; lastKnownFileType = sourcecode.c.objc; path = Stop.m; sourceTree = "<group>"; };
		8385968519032DFC00E68FE4 /* StopCell.h */ = {isa = PBXFileReference; fileEncoding = 4; lastKnownFileType = sourcecode.c.h; path = StopCell.h; sourceTree = "<group>"; };
		8385968619032DFC00E68FE4 /* StopCell.m */ = {isa = PBXFileReference; fileEncoding = 4; lastKnownFileType = sourcecode.c.objc; path = StopCell.m; sourceTree = "<group>"; };
		8385968E190333F000E68FE4 /* RoutesViewController.h */ = {isa = PBXFileReference; fileEncoding = 4; lastKnownFileType = sourcecode.c.h; path = RoutesViewController.h; sourceTree = "<group>"; };
		8385968F190333F000E68FE4 /* RoutesViewController.m */ = {isa = PBXFileReference; fileEncoding = 4; lastKnownFileType = sourcecode.c.objc; path = RoutesViewController.m; sourceTree = "<group>"; };
		838596911903380200E68FE4 /* RouteCell.h */ = {isa = PBXFileReference; fileEncoding = 4; lastKnownFileType = sourcecode.c.h; path = RouteCell.h; sourceTree = "<group>"; };
		838596921903380200E68FE4 /* RouteCell.m */ = {isa = PBXFileReference; fileEncoding = 4; lastKnownFileType = sourcecode.c.objc; path = RouteCell.m; sourceTree = "<group>"; };
		83859694190354B400E68FE4 /* InfoViewController.h */ = {isa = PBXFileReference; fileEncoding = 4; lastKnownFileType = sourcecode.c.h; path = InfoViewController.h; sourceTree = "<group>"; };
		83859695190354B400E68FE4 /* InfoViewController.m */ = {isa = PBXFileReference; fileEncoding = 4; lastKnownFileType = sourcecode.c.objc; path = InfoViewController.m; sourceTree = "<group>"; };
		83B7EF151909C8EB006A61AE /* TransportViewController.h */ = {isa = PBXFileReference; fileEncoding = 4; lastKnownFileType = sourcecode.c.h; path = TransportViewController.h; sourceTree = "<group>"; };
		83B7EF161909C8EB006A61AE /* TransportViewController.m */ = {isa = PBXFileReference; fileEncoding = 4; lastKnownFileType = sourcecode.c.objc; path = TransportViewController.m; sourceTree = "<group>"; };
		83B7EF181909CB41006A61AE /* StopDetailViewController.h */ = {isa = PBXFileReference; fileEncoding = 4; lastKnownFileType = sourcecode.c.h; path = StopDetailViewController.h; sourceTree = "<group>"; };
		83B7EF191909CB41006A61AE /* StopDetailViewController.m */ = {isa = PBXFileReference; fileEncoding = 4; lastKnownFileType = sourcecode.c.objc; path = StopDetailViewController.m; sourceTree = "<group>"; };
		83B7EF1B190A0518006A61AE /* StopInRouteTableViewCell.h */ = {isa = PBXFileReference; fileEncoding = 4; lastKnownFileType = sourcecode.c.h; path = StopInRouteTableViewCell.h; sourceTree = "<group>"; };
		83B7EF1C190A0518006A61AE /* StopInRouteTableViewCell.m */ = {isa = PBXFileReference; fileEncoding = 4; lastKnownFileType = sourcecode.c.objc; path = StopInRouteTableViewCell.m; sourceTree = "<group>"; };
		83B7EF1E190A16C8006A61AE /* StopTimesTableViewController.h */ = {isa = PBXFileReference; fileEncoding = 4; lastKnownFileType = sourcecode.c.h; path = StopTimesTableViewController.h; sourceTree = "<group>"; };
		83B7EF1F190A16C8006A61AE /* StopTimesTableViewController.m */ = {isa = PBXFileReference; fileEncoding = 4; lastKnownFileType = sourcecode.c.objc; path = StopTimesTableViewController.m; sourceTree = "<group>"; };
		83B7EF21190B21A4006A61AE /* RouteDetailViewController.h */ = {isa = PBXFileReference; fileEncoding = 4; lastKnownFileType = sourcecode.c.h; path = RouteDetailViewController.h; sourceTree = "<group>"; };
		83B7EF22190B21A4006A61AE /* RouteDetailViewController.m */ = {isa = PBXFileReference; fileEncoding = 4; lastKnownFileType = sourcecode.c.objc; path = RouteDetailViewController.m; sourceTree = "<group>"; };
		83C07CA4191C4F9400ECFD9F /* MessageUI.framework */ = {isa = PBXFileReference; lastKnownFileType = wrapper.framework; name = MessageUI.framework; path = System/Library/Frameworks/MessageUI.framework; sourceTree = SDKROOT; };
		C99D6902032940AE9B16083E /* libPods.a */ = {isa = PBXFileReference; explicitFileType = archive.ar; includeInIndex = 0; path = libPods.a; sourceTree = BUILT_PRODUCTS_DIR; };
/* End PBXFileReference section */

/* Begin PBXFrameworksBuildPhase section */
		8385963C1902E92F00E68FE4 /* Frameworks */ = {
			isa = PBXFrameworksBuildPhase;
			buildActionMask = 2147483647;
			files = (
				83C07CA5191C4F9400ECFD9F /* MessageUI.framework in Frameworks */,
				8385967B1902F8C500E68FE4 /* CoreLocation.framework in Frameworks */,
				838596451902E92F00E68FE4 /* CoreGraphics.framework in Frameworks */,
				838596471902E92F00E68FE4 /* UIKit.framework in Frameworks */,
				838596431902E92F00E68FE4 /* Foundation.framework in Frameworks */,
				E687C40701814690984E77C4 /* libPods.a in Frameworks */,
			);
			runOnlyForDeploymentPostprocessing = 0;
		};
		8385965D1902E93000E68FE4 /* Frameworks */ = {
			isa = PBXFrameworksBuildPhase;
			buildActionMask = 2147483647;
			files = (
				838596621902E93000E68FE4 /* XCTest.framework in Frameworks */,
				838596641902E93000E68FE4 /* UIKit.framework in Frameworks */,
				838596631902E93000E68FE4 /* Foundation.framework in Frameworks */,
			);
			runOnlyForDeploymentPostprocessing = 0;
		};
/* End PBXFrameworksBuildPhase section */

/* Begin PBXGroup section */
		838596361902E92F00E68FE4 = {
			isa = PBXGroup;
			children = (
				838596481902E93000E68FE4 /* Transport */,
				838596671902E93000E68FE4 /* TransportTests */,
				838596411902E92F00E68FE4 /* Frameworks */,
				838596401902E92F00E68FE4 /* Products */,
				5611B08DC4594E4EBBABAAFD /* Pods.xcconfig */,
			);
			sourceTree = "<group>";
		};
		838596401902E92F00E68FE4 /* Products */ = {
			isa = PBXGroup;
			children = (
				8385963F1902E92F00E68FE4 /* Transport.app */,
				838596601902E93000E68FE4 /* TransportTests.xctest */,
			);
			name = Products;
			sourceTree = "<group>";
		};
		838596411902E92F00E68FE4 /* Frameworks */ = {
			isa = PBXGroup;
			children = (
				83C07CA4191C4F9400ECFD9F /* MessageUI.framework */,
				8385967A1902F8C500E68FE4 /* CoreLocation.framework */,
				838596421902E92F00E68FE4 /* Foundation.framework */,
				838596441902E92F00E68FE4 /* CoreGraphics.framework */,
				838596461902E92F00E68FE4 /* UIKit.framework */,
				838596611902E93000E68FE4 /* XCTest.framework */,
				C99D6902032940AE9B16083E /* libPods.a */,
			);
			name = Frameworks;
			sourceTree = "<group>";
		};
		838596481902E93000E68FE4 /* Transport */ = {
			isa = PBXGroup;
			children = (
				838596511902E93000E68FE4 /* AppDelegate.h */,
				838596521902E93000E68FE4 /* AppDelegate.m */,
				838596541902E93000E68FE4 /* Main.storyboard */,
				83B7EF151909C8EB006A61AE /* TransportViewController.h */,
				83B7EF161909C8EB006A61AE /* TransportViewController.m */,
				838596771902F19300E68FE4 /* StopsViewController.h */,
				838596781902F19300E68FE4 /* StopsViewController.m */,
				8385968E190333F000E68FE4 /* RoutesViewController.h */,
				8385968F190333F000E68FE4 /* RoutesViewController.m */,
				83B7EF1E190A16C8006A61AE /* StopTimesTableViewController.h */,
				83B7EF1F190A16C8006A61AE /* StopTimesTableViewController.m */,
				83B7EF181909CB41006A61AE /* StopDetailViewController.h */,
				83B7EF191909CB41006A61AE /* StopDetailViewController.m */,
				83B7EF21190B21A4006A61AE /* RouteDetailViewController.h */,
				83B7EF22190B21A4006A61AE /* RouteDetailViewController.m */,
				83859694190354B400E68FE4 /* InfoViewController.h */,
				83859695190354B400E68FE4 /* InfoViewController.m */,
				83B7EF1B190A0518006A61AE /* StopInRouteTableViewCell.h */,
				83B7EF1C190A0518006A61AE /* StopInRouteTableViewCell.m */,
				838596911903380200E68FE4 /* RouteCell.h */,
				838596921903380200E68FE4 /* RouteCell.m */,
				8385968519032DFC00E68FE4 /* StopCell.h */,
				8385968619032DFC00E68FE4 /* StopCell.m */,
				8385967C1903002D00E68FE4 /* Arrival.h */,
				8385967D1903002D00E68FE4 /* Arrival.m */,
				838596821903054400E68FE4 /* Stop.h */,
				838596831903054400E68FE4 /* Stop.m */,
				8385967F1903008700E68FE4 /* TimePair.h */,
				838596801903008700E68FE4 /* TimePair.m */,
				8385965A1902E93000E68FE4 /* Images.xcassets */,
				838596491902E93000E68FE4 /* Supporting Files */,
			);
			path = Transport;
			sourceTree = "<group>";
		};
		838596491902E93000E68FE4 /* Supporting Files */ = {
			isa = PBXGroup;
			children = (
				837F4869190473930070897A /* default.gpx */,
				8385964A1902E93000E68FE4 /* Transport-Info.plist */,
				8385964B1902E93000E68FE4 /* InfoPlist.strings */,
				8385964E1902E93000E68FE4 /* main.m */,
				838596501902E93000E68FE4 /* Transport-Prefix.pch */,
			);
			name = "Supporting Files";
			sourceTree = "<group>";
		};
		838596671902E93000E68FE4 /* TransportTests */ = {
			isa = PBXGroup;
			children = (
				8385966D1902E93000E68FE4 /* TransportTests.m */,
				838596681902E93000E68FE4 /* Supporting Files */,
			);
			path = TransportTests;
			sourceTree = "<group>";
		};
		838596681902E93000E68FE4 /* Supporting Files */ = {
			isa = PBXGroup;
			children = (
				838596691902E93000E68FE4 /* TransportTests-Info.plist */,
				8385966A1902E93000E68FE4 /* InfoPlist.strings */,
			);
			name = "Supporting Files";
			sourceTree = "<group>";
		};
/* End PBXGroup section */

/* Begin PBXNativeTarget section */
		8385963E1902E92F00E68FE4 /* Transport */ = {
			isa = PBXNativeTarget;
			buildConfigurationList = 838596711902E93000E68FE4 /* Build configuration list for PBXNativeTarget "Transport" */;
			buildPhases = (
				47F8CBEA13A440A8BD3D6068 /* Check Pods Manifest.lock */,
				8385963B1902E92F00E68FE4 /* Sources */,
				8385963C1902E92F00E68FE4 /* Frameworks */,
				8385963D1902E92F00E68FE4 /* Resources */,
				CFF589716AF84975AAF5E80F /* Copy Pods Resources */,
			);
			buildRules = (
			);
			dependencies = (
			);
			name = Transport;
			productName = Transport;
			productReference = 8385963F1902E92F00E68FE4 /* Transport.app */;
			productType = "com.apple.product-type.application";
		};
		8385965F1902E93000E68FE4 /* TransportTests */ = {
			isa = PBXNativeTarget;
			buildConfigurationList = 838596741902E93000E68FE4 /* Build configuration list for PBXNativeTarget "TransportTests" */;
			buildPhases = (
				8385965C1902E93000E68FE4 /* Sources */,
				8385965D1902E93000E68FE4 /* Frameworks */,
				8385965E1902E93000E68FE4 /* Resources */,
			);
			buildRules = (
			);
			dependencies = (
				838596661902E93000E68FE4 /* PBXTargetDependency */,
			);
			name = TransportTests;
			productName = TransportTests;
			productReference = 838596601902E93000E68FE4 /* TransportTests.xctest */;
			productType = "com.apple.product-type.bundle.unit-test";
		};
/* End PBXNativeTarget section */

/* Begin PBXProject section */
		838596371902E92F00E68FE4 /* Project object */ = {
			isa = PBXProject;
			attributes = {
				LastUpgradeCheck = 0510;
				ORGANIZATIONNAME = "OSU App Club";
				TargetAttributes = {
					8385963E1902E92F00E68FE4 = {
						DevelopmentTeam = DJSRU7NSK6;
					};
					8385965F1902E93000E68FE4 = {
						TestTargetID = 8385963E1902E92F00E68FE4;
					};
				};
			};
			buildConfigurationList = 8385963A1902E92F00E68FE4 /* Build configuration list for PBXProject "Transport" */;
			compatibilityVersion = "Xcode 3.2";
			developmentRegion = English;
			hasScannedForEncodings = 0;
			knownRegions = (
				en,
				Base,
			);
			mainGroup = 838596361902E92F00E68FE4;
			productRefGroup = 838596401902E92F00E68FE4 /* Products */;
			projectDirPath = "";
			projectRoot = "";
			targets = (
				8385963E1902E92F00E68FE4 /* Transport */,
				8385965F1902E93000E68FE4 /* TransportTests */,
			);
		};
/* End PBXProject section */

/* Begin PBXResourcesBuildPhase section */
		8385963D1902E92F00E68FE4 /* Resources */ = {
			isa = PBXResourcesBuildPhase;
			buildActionMask = 2147483647;
			files = (
				8385965B1902E93000E68FE4 /* Images.xcassets in Resources */,
				837F486A190473930070897A /* default.gpx in Resources */,
				8385964D1902E93000E68FE4 /* InfoPlist.strings in Resources */,
				838596561902E93000E68FE4 /* Main.storyboard in Resources */,
			);
			runOnlyForDeploymentPostprocessing = 0;
		};
		8385965E1902E93000E68FE4 /* Resources */ = {
			isa = PBXResourcesBuildPhase;
			buildActionMask = 2147483647;
			files = (
				8385966C1902E93000E68FE4 /* InfoPlist.strings in Resources */,
			);
			runOnlyForDeploymentPostprocessing = 0;
		};
/* End PBXResourcesBuildPhase section */

/* Begin PBXShellScriptBuildPhase section */
		47F8CBEA13A440A8BD3D6068 /* Check Pods Manifest.lock */ = {
			isa = PBXShellScriptBuildPhase;
			buildActionMask = 2147483647;
			files = (
			);
			inputPaths = (
			);
			name = "Check Pods Manifest.lock";
			outputPaths = (
			);
			runOnlyForDeploymentPostprocessing = 0;
			shellPath = /bin/sh;
			shellScript = "diff \"${PODS_ROOT}/../Podfile.lock\" \"${PODS_ROOT}/Manifest.lock\" > /dev/null\nif [[ $? != 0 ]] ; then\n    cat << EOM\nerror: The sandbox is not in sync with the Podfile.lock. Run 'pod install' or update your CocoaPods installation.\nEOM\n    exit 1\nfi\n";
			showEnvVarsInLog = 0;
		};
		CFF589716AF84975AAF5E80F /* Copy Pods Resources */ = {
			isa = PBXShellScriptBuildPhase;
			buildActionMask = 2147483647;
			files = (
			);
			inputPaths = (
			);
			name = "Copy Pods Resources";
			outputPaths = (
			);
			runOnlyForDeploymentPostprocessing = 0;
			shellPath = /bin/sh;
			shellScript = "\"${SRCROOT}/Pods/Pods-resources.sh\"\n";
			showEnvVarsInLog = 0;
		};
/* End PBXShellScriptBuildPhase section */

/* Begin PBXSourcesBuildPhase section */
		8385963B1902E92F00E68FE4 /* Sources */ = {
			isa = PBXSourcesBuildPhase;
			buildActionMask = 2147483647;
			files = (
				838596791902F19300E68FE4 /* StopsViewController.m in Sources */,
				83859696190354B400E68FE4 /* InfoViewController.m in Sources */,
				83B7EF1A1909CB41006A61AE /* StopDetailViewController.m in Sources */,
				8385967E1903002D00E68FE4 /* Arrival.m in Sources */,
				8385968719032DFC00E68FE4 /* StopCell.m in Sources */,
				838596531902E93000E68FE4 /* AppDelegate.m in Sources */,
				83B7EF23190B21A4006A61AE /* RouteDetailViewController.m in Sources */,
				838596931903380200E68FE4 /* RouteCell.m in Sources */,
				83B7EF20190A16C8006A61AE /* StopTimesTableViewController.m in Sources */,
				83859690190333F000E68FE4 /* RoutesViewController.m in Sources */,
				83B7EF171909C8EB006A61AE /* TransportViewController.m in Sources */,
				83B7EF1D190A0518006A61AE /* StopInRouteTableViewCell.m in Sources */,
				838596811903008700E68FE4 /* TimePair.m in Sources */,
				8385964F1902E93000E68FE4 /* main.m in Sources */,
				838596841903054400E68FE4 /* Stop.m in Sources */,
			);
			runOnlyForDeploymentPostprocessing = 0;
		};
		8385965C1902E93000E68FE4 /* Sources */ = {
			isa = PBXSourcesBuildPhase;
			buildActionMask = 2147483647;
			files = (
				8385966E1902E93000E68FE4 /* TransportTests.m in Sources */,
			);
			runOnlyForDeploymentPostprocessing = 0;
		};
/* End PBXSourcesBuildPhase section */

/* Begin PBXTargetDependency section */
		838596661902E93000E68FE4 /* PBXTargetDependency */ = {
			isa = PBXTargetDependency;
			target = 8385963E1902E92F00E68FE4 /* Transport */;
			targetProxy = 838596651902E93000E68FE4 /* PBXContainerItemProxy */;
		};
/* End PBXTargetDependency section */

/* Begin PBXVariantGroup section */
		8385964B1902E93000E68FE4 /* InfoPlist.strings */ = {
			isa = PBXVariantGroup;
			children = (
				8385964C1902E93000E68FE4 /* en */,
			);
			name = InfoPlist.strings;
			sourceTree = "<group>";
		};
		838596541902E93000E68FE4 /* Main.storyboard */ = {
			isa = PBXVariantGroup;
			children = (
				838596551902E93000E68FE4 /* Base */,
			);
			name = Main.storyboard;
			sourceTree = "<group>";
		};
		8385966A1902E93000E68FE4 /* InfoPlist.strings */ = {
			isa = PBXVariantGroup;
			children = (
				8385966B1902E93000E68FE4 /* en */,
			);
			name = InfoPlist.strings;
			sourceTree = "<group>";
		};
/* End PBXVariantGroup section */

/* Begin XCBuildConfiguration section */
		8385966F1902E93000E68FE4 /* Debug */ = {
			isa = XCBuildConfiguration;
			buildSettings = {
				ALWAYS_SEARCH_USER_PATHS = NO;
				CLANG_CXX_LANGUAGE_STANDARD = "gnu++0x";
				CLANG_CXX_LIBRARY = "libc++";
				CLANG_ENABLE_MODULES = YES;
				CLANG_ENABLE_OBJC_ARC = YES;
				CLANG_WARN_BOOL_CONVERSION = YES;
				CLANG_WARN_CONSTANT_CONVERSION = YES;
				CLANG_WARN_DIRECT_OBJC_ISA_USAGE = YES_ERROR;
				CLANG_WARN_EMPTY_BODY = YES;
				CLANG_WARN_ENUM_CONVERSION = YES;
				CLANG_WARN_INT_CONVERSION = YES;
				CLANG_WARN_OBJC_ROOT_CLASS = YES_ERROR;
				CLANG_WARN__DUPLICATE_METHOD_MATCH = YES;
				"CODE_SIGN_IDENTITY[sdk=iphoneos*]" = "iPhone Developer";
				COPY_PHASE_STRIP = NO;
				GCC_C_LANGUAGE_STANDARD = gnu99;
				GCC_DYNAMIC_NO_PIC = NO;
				GCC_OPTIMIZATION_LEVEL = 0;
				GCC_PREPROCESSOR_DEFINITIONS = (
					"DEBUG=1",
					"$(inherited)",
				);
				GCC_SYMBOLS_PRIVATE_EXTERN = NO;
				GCC_WARN_64_TO_32_BIT_CONVERSION = YES;
				GCC_WARN_ABOUT_RETURN_TYPE = YES_ERROR;
				GCC_WARN_UNDECLARED_SELECTOR = YES;
				GCC_WARN_UNINITIALIZED_AUTOS = YES_AGGRESSIVE;
				GCC_WARN_UNUSED_FUNCTION = YES;
				GCC_WARN_UNUSED_VARIABLE = YES;
				IPHONEOS_DEPLOYMENT_TARGET = 7.1;
				ONLY_ACTIVE_ARCH = YES;
				SDKROOT = iphoneos;
			};
			name = Debug;
		};
		838596701902E93000E68FE4 /* Release */ = {
			isa = XCBuildConfiguration;
			buildSettings = {
				ALWAYS_SEARCH_USER_PATHS = NO;
				CLANG_CXX_LANGUAGE_STANDARD = "gnu++0x";
				CLANG_CXX_LIBRARY = "libc++";
				CLANG_ENABLE_MODULES = YES;
				CLANG_ENABLE_OBJC_ARC = YES;
				CLANG_WARN_BOOL_CONVERSION = YES;
				CLANG_WARN_CONSTANT_CONVERSION = YES;
				CLANG_WARN_DIRECT_OBJC_ISA_USAGE = YES_ERROR;
				CLANG_WARN_EMPTY_BODY = YES;
				CLANG_WARN_ENUM_CONVERSION = YES;
				CLANG_WARN_INT_CONVERSION = YES;
				CLANG_WARN_OBJC_ROOT_CLASS = YES_ERROR;
				CLANG_WARN__DUPLICATE_METHOD_MATCH = YES;
				"CODE_SIGN_IDENTITY[sdk=iphoneos*]" = "iPhone Developer";
				COPY_PHASE_STRIP = YES;
				ENABLE_NS_ASSERTIONS = NO;
				GCC_C_LANGUAGE_STANDARD = gnu99;
				GCC_WARN_64_TO_32_BIT_CONVERSION = YES;
				GCC_WARN_ABOUT_RETURN_TYPE = YES_ERROR;
				GCC_WARN_UNDECLARED_SELECTOR = YES;
				GCC_WARN_UNINITIALIZED_AUTOS = YES_AGGRESSIVE;
				GCC_WARN_UNUSED_FUNCTION = YES;
				GCC_WARN_UNUSED_VARIABLE = YES;
				IPHONEOS_DEPLOYMENT_TARGET = 7.1;
				SDKROOT = iphoneos;
				VALIDATE_PRODUCT = YES;
			};
			name = Release;
		};
		838596721902E93000E68FE4 /* Debug */ = {
			isa = XCBuildConfiguration;
			baseConfigurationReference = 5611B08DC4594E4EBBABAAFD /* Pods.xcconfig */;
			buildSettings = {
				ASSETCATALOG_COMPILER_APPICON_NAME = AppIcon;
				ASSETCATALOG_COMPILER_LAUNCHIMAGE_NAME = LaunchImage;
				CODE_SIGN_IDENTITY = "iPhone Developer";
				"CODE_SIGN_IDENTITY[sdk=iphoneos*]" = "iPhone Developer";
				GCC_PRECOMPILE_PREFIX_HEADER = YES;
				GCC_PREFIX_HEADER = "Transport/Transport-Prefix.pch";
				INFOPLIST_FILE = "Transport/Transport-Info.plist";
				IPHONEOS_DEPLOYMENT_TARGET = 7.0;
				PRODUCT_NAME = "$(TARGET_NAME)";
				PROVISIONING_PROFILE = "8FF17FF2-6349-4F98-A7BE-6223E4B5C127";
				WRAPPER_EXTENSION = app;
			};
			name = Debug;
		};
		838596731902E93000E68FE4 /* Release */ = {
			isa = XCBuildConfiguration;
			baseConfigurationReference = 5611B08DC4594E4EBBABAAFD /* Pods.xcconfig */;
			buildSettings = {
				ASSETCATALOG_COMPILER_APPICON_NAME = AppIcon;
				ASSETCATALOG_COMPILER_LAUNCHIMAGE_NAME = LaunchImage;
				CODE_SIGN_IDENTITY = "iPhone Developer";
				"CODE_SIGN_IDENTITY[sdk=iphoneos*]" = "iPhone Distribution";
				GCC_PRECOMPILE_PREFIX_HEADER = YES;
				GCC_PREFIX_HEADER = "Transport/Transport-Prefix.pch";
				INFOPLIST_FILE = "Transport/Transport-Info.plist";
				IPHONEOS_DEPLOYMENT_TARGET = 7.0;
				PRODUCT_NAME = "$(TARGET_NAME)";
				PROVISIONING_PROFILE = "16EE2ECE-A8D9-43C3-BCA8-0971E0087B2C";
				WRAPPER_EXTENSION = app;
			};
			name = Release;
		};
		838596751902E93000E68FE4 /* Debug */ = {
			isa = XCBuildConfiguration;
			buildSettings = {
				BUNDLE_LOADER = "$(BUILT_PRODUCTS_DIR)/Transport.app/Transport";
				FRAMEWORK_SEARCH_PATHS = (
					"$(SDKROOT)/Developer/Library/Frameworks",
					"$(inherited)",
					"$(DEVELOPER_FRAMEWORKS_DIR)",
				);
				GCC_PRECOMPILE_PREFIX_HEADER = YES;
				GCC_PREFIX_HEADER = "Transport/Transport-Prefix.pch";
				GCC_PREPROCESSOR_DEFINITIONS = (
					"DEBUG=1",
					"$(inherited)",
				);
				INFOPLIST_FILE = "TransportTests/TransportTests-Info.plist";
				PRODUCT_NAME = "$(TARGET_NAME)";
				TEST_HOST = "$(BUNDLE_LOADER)";
				WRAPPER_EXTENSION = xctest;
			};
			name = Debug;
		};
		838596761902E93000E68FE4 /* Release */ = {
			isa = XCBuildConfiguration;
			buildSettings = {
				BUNDLE_LOADER = "$(BUILT_PRODUCTS_DIR)/Transport.app/Transport";
				FRAMEWORK_SEARCH_PATHS = (
					"$(SDKROOT)/Developer/Library/Frameworks",
					"$(inherited)",
					"$(DEVELOPER_FRAMEWORKS_DIR)",
				);
				GCC_PRECOMPILE_PREFIX_HEADER = YES;
				GCC_PREFIX_HEADER = "Transport/Transport-Prefix.pch";
				INFOPLIST_FILE = "TransportTests/TransportTests-Info.plist";
				PRODUCT_NAME = "$(TARGET_NAME)";
				TEST_HOST = "$(BUNDLE_LOADER)";
				WRAPPER_EXTENSION = xctest;
			};
			name = Release;
		};
/* End XCBuildConfiguration section */

/* Begin XCConfigurationList section */
		8385963A1902E92F00E68FE4 /* Build configuration list for PBXProject "Transport" */ = {
			isa = XCConfigurationList;
			buildConfigurations = (
				8385966F1902E93000E68FE4 /* Debug */,
				838596701902E93000E68FE4 /* Release */,
			);
			defaultConfigurationIsVisible = 0;
			defaultConfigurationName = Release;
		};
		838596711902E93000E68FE4 /* Build configuration list for PBXNativeTarget "Transport" */ = {
			isa = XCConfigurationList;
			buildConfigurations = (
				838596721902E93000E68FE4 /* Debug */,
				838596731902E93000E68FE4 /* Release */,
			);
			defaultConfigurationIsVisible = 0;
			defaultConfigurationName = Release;
		};
		838596741902E93000E68FE4 /* Build configuration list for PBXNativeTarget "TransportTests" */ = {
			isa = XCConfigurationList;
			buildConfigurations = (
				838596751902E93000E68FE4 /* Debug */,
				838596761902E93000E68FE4 /* Release */,
			);
			defaultConfigurationIsVisible = 0;
			defaultConfigurationName = Release;
		};
/* End XCConfigurationList section */
	};
	rootObject = 838596371902E92F00E68FE4 /* Project object */;
}
